
Microsoft Visual Studio Solution File, Format Version 11.00
# Visual Studio 2010
Project("{FAE04EC0-301F-11D3-BF4B-00C04F79EFBC}") = "PokerHands", "PokerHands\PokerHands.csproj", "{56F26120-C440-4C82-A957-359114F37EDF}"
EndProject
Global
	GlobalSection(SolutionConfigurationPlatforms) = preSolution
		Debug|Any CPU = Debug|Any CPU
		Release|Any CPU = Release|Any CPU
	EndGlobalSection
	GlobalSection(ProjectConfigurationPlatforms) = postSolution
		{56F26120-C440-4C82-A957-359114F37EDF}.Debug|Any CPU.ActiveCfg = Debug|Any CPU
		{56F26120-C440-4C82-A957-359114F37EDF}.Debug|Any CPU.Build.0 = Debug|Any CPU
		{56F26120-C440-4C82-A957-359114F37EDF}.Release|Any CPU.ActiveCfg = Release|Any CPU
		{56F26120-C440-4C82-A957-359114F37EDF}.Release|Any CPU.Build.0 = Release|Any CPU
	EndGlobalSection
	GlobalSection(SolutionProperties) = preSolution
		HideSolutionNode = FALSE
	EndGlobalSection
EndGlobal
