
Microsoft Visual Studio Solution File, Format Version 11.00
# Visual Studio 2010
Project("{2150E333-8FDC-42A3-9474-1A3956D46DE8}") = "Source", "Source", "{793D469F-44C3-4880-94AE-EFB282534BD4}"
EndProject
Project("{2150E333-8FDC-42A3-9474-1A3956D46DE8}") = "Tests", "Tests", "{D0B760DB-8A37-47E4-9E71-531F13A32629}"
EndProject
Project("{FAE04EC0-301F-11D3-BF4B-00C04F79EFBC}") = "MineSweeper.Console", "MineSweeper.Console\MineSweeper.Console.csproj", "{7EDE53E4-632E-4376-8263-E4854C60DC4D}"
EndProject
Project("{FAE04EC0-301F-11D3-BF4B-00C04F79EFBC}") = "MineSweeper.Domain", "MineSweeper.Domian\MineSweeper.Domain.csproj", "{0B3B487A-43D2-4701-9AFD-F5A4E27636C6}"
EndProject
Project("{FAE04EC0-301F-11D3-BF4B-00C04F79EFBC}") = "MineSweeper.Process", "MineSweeper.Process\MineSweeper.Process.csproj", "{EDF9339B-DE26-4C01-9FBE-F6731E94784F}"
EndProject
Project("{FAE04EC0-301F-11D3-BF4B-00C04F79EFBC}") = "MineSweeper.Contracts", "MineSweeper.Contracts\MineSweeper.Contracts.csproj", "{453617D7-74D5-4A35-8C6D-BDF5A5D04CC7}"
EndProject
Project("{FAE04EC0-301F-11D3-BF4B-00C04F79EFBC}") = "MineSweeper.Tests", "MineSweeper.Tests\MineSweeper.Tests.csproj", "{4F06FFF6-2E4B-4689-BDD9-5A7C56E645D2}"
EndProject
Global
	GlobalSection(SolutionConfigurationPlatforms) = preSolution
		Debug|Any CPU = Debug|Any CPU
		Release|Any CPU = Release|Any CPU
	EndGlobalSection
	GlobalSection(ProjectConfigurationPlatforms) = postSolution
		{7EDE53E4-632E-4376-8263-E4854C60DC4D}.Debug|Any CPU.ActiveCfg = Debug|Any CPU
		{7EDE53E4-632E-4376-8263-E4854C60DC4D}.Debug|Any CPU.Build.0 = Debug|Any CPU
		{7EDE53E4-632E-4376-8263-E4854C60DC4D}.Release|Any CPU.ActiveCfg = Release|Any CPU
		{7EDE53E4-632E-4376-8263-E4854C60DC4D}.Release|Any CPU.Build.0 = Release|Any CPU
		{0B3B487A-43D2-4701-9AFD-F5A4E27636C6}.Debug|Any CPU.ActiveCfg = Debug|Any CPU
		{0B3B487A-43D2-4701-9AFD-F5A4E27636C6}.Debug|Any CPU.Build.0 = Debug|Any CPU
		{0B3B487A-43D2-4701-9AFD-F5A4E27636C6}.Release|Any CPU.ActiveCfg = Release|Any CPU
		{0B3B487A-43D2-4701-9AFD-F5A4E27636C6}.Release|Any CPU.Build.0 = Release|Any CPU
		{EDF9339B-DE26-4C01-9FBE-F6731E94784F}.Debug|Any CPU.ActiveCfg = Debug|Any CPU
		{EDF9339B-DE26-4C01-9FBE-F6731E94784F}.Debug|Any CPU.Build.0 = Debug|Any CPU
		{EDF9339B-DE26-4C01-9FBE-F6731E94784F}.Release|Any CPU.ActiveCfg = Release|Any CPU
		{EDF9339B-DE26-4C01-9FBE-F6731E94784F}.Release|Any CPU.Build.0 = Release|Any CPU
		{453617D7-74D5-4A35-8C6D-BDF5A5D04CC7}.Debug|Any CPU.ActiveCfg = Debug|Any CPU
		{453617D7-74D5-4A35-8C6D-BDF5A5D04CC7}.Debug|Any CPU.Build.0 = Debug|Any CPU
		{453617D7-74D5-4A35-8C6D-BDF5A5D04CC7}.Release|Any CPU.ActiveCfg = Release|Any CPU
		{453617D7-74D5-4A35-8C6D-BDF5A5D04CC7}.Release|Any CPU.Build.0 = Release|Any CPU
		{4F06FFF6-2E4B-4689-BDD9-5A7C56E645D2}.Debug|Any CPU.ActiveCfg = Debug|Any CPU
		{4F06FFF6-2E4B-4689-BDD9-5A7C56E645D2}.Debug|Any CPU.Build.0 = Debug|Any CPU
		{4F06FFF6-2E4B-4689-BDD9-5A7C56E645D2}.Release|Any CPU.ActiveCfg = Release|Any CPU
		{4F06FFF6-2E4B-4689-BDD9-5A7C56E645D2}.Release|Any CPU.Build.0 = Release|Any CPU
	EndGlobalSection
	GlobalSection(SolutionProperties) = preSolution
		HideSolutionNode = FALSE
	EndGlobalSection
	GlobalSection(NestedProjects) = preSolution
		{7EDE53E4-632E-4376-8263-E4854C60DC4D} = {793D469F-44C3-4880-94AE-EFB282534BD4}
		{0B3B487A-43D2-4701-9AFD-F5A4E27636C6} = {793D469F-44C3-4880-94AE-EFB282534BD4}
		{EDF9339B-DE26-4C01-9FBE-F6731E94784F} = {793D469F-44C3-4880-94AE-EFB282534BD4}
		{453617D7-74D5-4A35-8C6D-BDF5A5D04CC7} = {793D469F-44C3-4880-94AE-EFB282534BD4}
		{4F06FFF6-2E4B-4689-BDD9-5A7C56E645D2} = {D0B760DB-8A37-47E4-9E71-531F13A32629}
	EndGlobalSection
EndGlobal
